<?xml version="1.0" encoding="utf-8"?>
<Project ToolsVersion="4.0" xmlns="http://schemas.microsoft.com/developer/msbuild/2003">
  <ItemGroup>
    <Filter Include="Source Files">
      <UniqueIdentifier>{4FC737F1-C7A5-4376-A066-2A32D752A2FF}</UniqueIdentifier>
      <Extensions>cpp;c;cc;cxx;def;odl;idl;hpj;bat;asm;asmx</Extensions>
    </Filter>
    <Filter Include="Header Files">
      <UniqueIdentifier>{93995380-89BD-4b04-88EB-625FBE52EBFB}</UniqueIdentifier>
      <Extensions>h;hh;hpp;hxx;hm;inl;inc;xsd</Extensions>
    </Filter>
    <Filter Include="Resource Files">
      <UniqueIdentifier>{67DA6AB6-F800-4c08-8B7A-83BB121AAD01}</UniqueIdentifier>
      <Extensions>rc;ico;cur;bmp;dlg;rc2;rct;bin;rgs;gif;jpg;jpeg;jpe;resx;tiff;tif;png;wav</Extensions>
    </Filter>
  </ItemGroup>
  <ItemGroup>
    <ClCompile Include="src\cors_middleware.cpp">
      <Filter>Source Files</Filter>
    </ClCompile>
    <ClCompile Include="src\http_status.cpp">
      <Filter>Source Files</Filter>
    </ClCompile>
    <ClCompile Include="src\main.cpp">
      <Filter>Source Files</Filter>
    </ClCompile>
    <ClCompile Include="src\request.cpp">
      <Filter>Source Files</Filter>
    </ClCompile>
    <ClCompile Include="src\response.cpp">
      <Filter>Source Files</Filter>
    </ClCompile>
    <ClCompile Include="src\sanitizer_middleware.cpp">
      <Filter>Source Files</Filter>
    </ClCompile>
    <ClCompile Include="src\security_middleware.cpp">
      <Filter>Source Files</Filter>
    </ClCompile>
    <ClCompile Include="src\teapot.cpp">
      <Filter>Source Files</Filter>
    </ClCompile>
    <ClCompile Include="src\unix_socket.cpp">
      <Filter>Source Files</Filter>
    </ClCompile>
    <ClCompile Include="src\utils.cpp">
      <Filter>Source Files</Filter>
    </ClCompile>
    <ClCompile Include="src\win_socket.cpp">
      <Filter>Source Files</Filter>
    </ClCompile>
  </ItemGroup>
  <ItemGroup>
    <ClInclude Include="include\base_exceptions.hpp">
      <Filter>Header Files</Filter>
    </ClInclude>
    <ClInclude Include="include\context.hpp">
      <Filter>Header Files</Filter>
    </ClInclude>
    <ClInclude Include="include\cors_middleware.hpp">
      <Filter>Header Files</Filter>
    </ClInclude>
    <ClInclude Include="include\http_status.hpp">
      <Filter>Header Files</Filter>
    </ClInclude>
    <ClInclude Include="include\middleware.hpp">
      <Filter>Header Files</Filter>
    </ClInclude>
    <ClInclude Include="include\request.hpp">
      <Filter>Header Files</Filter>
    </ClInclude>
    <ClInclude Include="include\response.hpp">
      <Filter>Header Files</Filter>
    </ClInclude>
    <ClInclude Include="include\sanitizer_middleware.hpp">
      <Filter>Header Files</Filter>
    </ClInclude>
    <ClInclude Include="include\security_middleware.hpp">
      <Filter>Header Files</Filter>
    </ClInclude>
    <ClInclude Include="include\socket.hpp">
      <Filter>Header Files</Filter>
    </ClInclude>
    <ClInclude Include="include\teapot.hpp">
      <Filter>Header Files</Filter>
    </ClInclude>
    <ClInclude Include="include\unix_socket.hpp">
      <Filter>Header Files</Filter>
    </ClInclude>
    <ClInclude Include="include\utils.hpp">
      <Filter>Header Files</Filter>
    </ClInclude>
    <ClInclude Include="include\win_socket.hpp">
      <Filter>Header Files</Filter>
    </ClInclude>
  </ItemGroup>
  <ItemGroup>
    <None Include="static\201.html" />
    <None Include="static\404.html" />
    <None Include="static\405.html" />
    <None Include="static\500.html" />
    <None Include="static\index.html" />
  </ItemGroup>
</Project>